PODS:
  - Alamofire (4.8.2)
  - ChromaColorPicker (1.7.2)
  - Crashlytics (3.12.0):
    - Fabric (~> 1.9.0)
  - DALI (0.4.5):
    - EmitterKit
    - FutureKit
    - Socket.IO-Client-Swift
    - SwiftyJSON
  - EmitterKit (5.2.1)
  - Eureka (4.3.1)
  - Fabric (1.9.0)
  - FirebaseAnalytics (3.9.0):
    - FirebaseCore (~> 3.6)
    - FirebaseInstanceID (~> 1.0)
    - "GoogleToolboxForMac/NSData+zlib (~> 2.1)"
  - FirebaseCore (3.6.0):
    - "GoogleToolboxForMac/NSData+zlib (~> 2.1)"
  - FirebaseInstanceID (1.0.10):
    - FirebaseCore (~> 3.6)
  - FutureKit (3.5.0)
  - Google/Core (3.1.0):
    - FirebaseAnalytics (~> 3.2)
  - Google/SignIn (3.1.0):
    - Google/Core
    - GoogleSignIn (~> 4.0)
  - GoogleSignIn (4.4.0):
    - "GoogleToolboxForMac/NSDictionary+URLArguments (~> 2.1)"
    - "GoogleToolboxForMac/NSString+URLArguments (~> 2.1)"
    - GTMSessionFetcher/Core (~> 1.1)
  - GoogleToolboxForMac/DebugUtils (2.2.0):
    - GoogleToolboxForMac/Defines (= 2.2.0)
  - GoogleToolboxForMac/Defines (2.2.0)
  - "GoogleToolboxForMac/NSData+zlib (2.2.0)":
    - GoogleToolboxForMac/Defines (= 2.2.0)
  - "GoogleToolboxForMac/NSDictionary+URLArguments (2.2.0)":
    - GoogleToolboxForMac/DebugUtils (= 2.2.0)
    - GoogleToolboxForMac/Defines (= 2.2.0)
    - "GoogleToolboxForMac/NSString+URLArguments (= 2.2.0)"
  - "GoogleToolboxForMac/NSString+URLArguments (2.2.0)"
  - GTMSessionFetcher/Core (1.2.1)
  - OneSignal (2.9.5)
  - QRCodeReaderViewController (4.0.2)
  - RLBAlertsPickers (1.1.1)
  - SCLAlertView (0.8)
  - Socket.IO-Client-Swift (15.0.0):
    - Starscream (~> 3.1)
  - Starscream (3.1.0)
  - SwiftyJSON (4.2.0)

DEPENDENCIES:
  - Alamofire
  - ChromaColorPicker
  - Crashlytics
  - DALI (from `~/Programming/DALI/Internal/framework`)
  - Eureka
  - FutureKit
  - Google/SignIn
  - OneSignal (< 3.0, >= 2.5.2)
  - QRCodeReaderViewController
  - RLBAlertsPickers (from `https://github.com/loicgriffie/Alerts-Pickers.git`, branch `master`)
  - SCLAlertView
  - Socket.IO-Client-Swift

SPEC REPOS:
  https://github.com/cocoapods/specs.git:
    - Alamofire
    - ChromaColorPicker
    - Crashlytics
    - EmitterKit
    - Eureka
    - Fabric
    - FirebaseAnalytics
    - FirebaseCore
    - FirebaseInstanceID
    - FutureKit
    - Google
    - GoogleSignIn
    - GoogleToolboxForMac
    - GTMSessionFetcher
    - OneSignal
    - QRCodeReaderViewController
    - SCLAlertView
    - Socket.IO-Client-Swift
    - Starscream
    - SwiftyJSON

EXTERNAL SOURCES:
  DALI:
    :path: "~/Programming/DALI/Internal/framework"
  RLBAlertsPickers:
    :branch: master
    :git: https://github.com/loicgriffie/Alerts-Pickers.git

CHECKOUT OPTIONS:
  RLBAlertsPickers:
    :commit: 5ce7637f4c8d5118442f1a9ae781020fa80fccb9
    :git: https://github.com/loicgriffie/Alerts-Pickers.git

SPEC CHECKSUMS:
  Alamofire: ae5c501addb7afdbb13687d7f2f722c78734c2d3
  ChromaColorPicker: 78194fbae9f342d3781ac178c4d92c7652197d18
  Crashlytics: 07fb167b1694128c1c9a5a5cc319b0e9c3ca0933
  DALI: d6adf2a331ce195e5fbee01885ab47e21d20a8b4
  EmitterKit: 2a6818d291cb9f553d3cfdd6aba570bf62337f51
  Eureka: 28ea296f06710f6745266b71f17862048941a32d
  Fabric: f988e33c97f08930a413e08123064d2e5f68d655
  FirebaseAnalytics: e5fe8486efc01bec33f6bf82e2fa9fce4b124052
  FirebaseCore: 9691ee2ade70c098d7cf92440f4303f16d83ca75
  FirebaseInstanceID: b9eedd6846fb5e1f0f7279e1deaa7a7e4cf8392e
  FutureKit: 91f6760df942278db387b05f19a9fdfbeb097df2
  Google: 98da4b1a60ed0beb80a290387a28333406a1eb90
  GoogleSignIn: 7ff245e1a7b26d379099d3243a562f5747e23d39
  GoogleToolboxForMac: ff31605b7d66400dcec09bed5861689aebadda4d
  GTMSessionFetcher: 32aeca0aa144acea523e1c8e053089dec2cb98ca
  OneSignal: ccdeb961882f8668305e5b694e2cb7cb325fc907
  QRCodeReaderViewController: e8f27d035b3e72b1d4b1c61ff66458287e3be0ff
  RLBAlertsPickers: d8dd984ed0a686bd167554eeb4a3af5ae8d82d24
  SCLAlertView: 6a77bb2edfc65e04dbe57725546cb4107a506b85
  Socket.IO-Client-Swift: c039a808195d22a7192962841b8c035cb61ea49e
  Starscream: 08172b481e145289c4930cb567230fb55897cfa4
  SwiftyJSON: c4bcba26dd9ec7a027fc8eade48e2c911f229e96

PODFILE CHECKSUM: e82ef1c4b80e3ffb4ce9ada3d886c93dd0326ccb

COCOAPODS: 1.6.1
