PODS:
  - ChromaColorPicker (1.7)
  - Crashlytics (3.10.7):
    - Fabric (~> 1.7.11)
  - DALI (0.4.5):
    - FutureKit
    - Socket.IO-Client-Swift
    - SwiftyJSON
  - Eureka (4.2.0)
  - Fabric (1.7.11)
  - FirebaseAnalytics (3.9.0):
    - FirebaseCore (~> 3.6)
    - FirebaseInstanceID (~> 1.0)
    - "GoogleToolboxForMac/NSData+zlib (~> 2.1)"
  - FirebaseCore (3.6.0):
    - "GoogleToolboxForMac/NSData+zlib (~> 2.1)"
  - FirebaseInstanceID (1.0.10):
    - FirebaseCore (~> 3.6)
  - FutureKit (3.5.0)
  - Google/Core (3.1.0):
    - FirebaseAnalytics (~> 3.2)
  - Google/SignIn (3.1.0):
    - Google/Core
    - GoogleSignIn (~> 4.0)
  - GoogleSignIn (4.2.0):
    - "GoogleToolboxForMac/NSDictionary+URLArguments (~> 2.1)"
    - "GoogleToolboxForMac/NSString+URLArguments (~> 2.1)"
    - GTMOAuth2 (~> 1.0)
    - GTMSessionFetcher/Core (~> 1.1)
  - GoogleToolboxForMac/DebugUtils (2.1.4):
    - GoogleToolboxForMac/Defines (= 2.1.4)
  - GoogleToolboxForMac/Defines (2.1.4)
  - "GoogleToolboxForMac/NSData+zlib (2.1.4)":
    - GoogleToolboxForMac/Defines (= 2.1.4)
  - "GoogleToolboxForMac/NSDictionary+URLArguments (2.1.4)":
    - GoogleToolboxForMac/DebugUtils (= 2.1.4)
    - GoogleToolboxForMac/Defines (= 2.1.4)
    - "GoogleToolboxForMac/NSString+URLArguments (= 2.1.4)"
  - "GoogleToolboxForMac/NSString+URLArguments (2.1.4)"
  - GTMOAuth2 (1.1.6):
    - GTMSessionFetcher (~> 1.1)
  - GTMSessionFetcher (1.2.0):
    - GTMSessionFetcher/Full (= 1.2.0)
  - GTMSessionFetcher/Core (1.2.0)
  - GTMSessionFetcher/Full (1.2.0):
    - GTMSessionFetcher/Core (= 1.2.0)
  - OneSignal (2.8.8)
  - ProximityKit (1.2.9)
  - QRCodeReaderViewController (4.0.2)
  - SCLAlertView (0.8)
  - Socket.IO-Client-Swift (13.3.0):
    - Starscream (~> 3.0.2)
  - Starscream (3.0.5)
  - SwiftyJSON (4.1.0)

DEPENDENCIES:
  - ChromaColorPicker
  - Crashlytics
  - DALI (from `~/Programming/DALI/Internal/framework`)
  - Eureka
  - FutureKit
  - Google/SignIn
  - OneSignal (< 3.0, >= 2.5.2)
  - ProximityKit (~> 1.2)
  - QRCodeReaderViewController
  - SCLAlertView
  - Socket.IO-Client-Swift

SPEC REPOS:
  https://github.com/cocoapods/specs.git:
    - ChromaColorPicker
    - Crashlytics
    - Eureka
    - Fabric
    - FirebaseAnalytics
    - FirebaseCore
    - FirebaseInstanceID
    - FutureKit
    - Google
    - GoogleSignIn
    - GoogleToolboxForMac
    - GTMOAuth2
    - GTMSessionFetcher
    - OneSignal
    - ProximityKit
    - QRCodeReaderViewController
    - SCLAlertView
    - Socket.IO-Client-Swift
    - Starscream
    - SwiftyJSON

EXTERNAL SOURCES:
  DALI:
    :path: "~/Programming/DALI/Internal/framework"

SPEC CHECKSUMS:
  ChromaColorPicker: 33efa67b17cca51dd253689d18b83ac7e05642c2
  Crashlytics: ccaac42660eb9351b9960c0d66106b0bcf99f4fa
  DALI: 343e90cc40963279da0a0a4a54c2a9325c34723d
  Eureka: 0748c7bbb2560130e43c7bfa83e99c98854a1f42
  Fabric: f233c9492b3bbc1f04e3882986740f7988a58edb
  FirebaseAnalytics: e5fe8486efc01bec33f6bf82e2fa9fce4b124052
  FirebaseCore: 9691ee2ade70c098d7cf92440f4303f16d83ca75
  FirebaseInstanceID: b9eedd6846fb5e1f0f7279e1deaa7a7e4cf8392e
  FutureKit: 91f6760df942278db387b05f19a9fdfbeb097df2
  Google: 98da4b1a60ed0beb80a290387a28333406a1eb90
  GoogleSignIn: 591e46382014e591269f862ba6e7bc0fbd793532
  GoogleToolboxForMac: 91c824d21e85b31c2aae9bb011c5027c9b4e738f
  GTMOAuth2: c77fe325e4acd453837e72d91e3b5f13116857b2
  GTMSessionFetcher: 0c4baf0a73acd0041bf9f71ea018deedab5ea84e
  OneSignal: 7d2571e9fce1d961b882e1bd9f1f242802e9c8b1
  ProximityKit: e763235e2fca64711ed7a5bae08cea1508f80919
  QRCodeReaderViewController: e8f27d035b3e72b1d4b1c61ff66458287e3be0ff
  SCLAlertView: 6a77bb2edfc65e04dbe57725546cb4107a506b85
  Socket.IO-Client-Swift: 0afb192a562db90d50e3f7f7421c06925a3f0179
  Starscream: faf918b2f2eff7d5dd21180646bf015a669673bd
  SwiftyJSON: c29297daf073d2aa016295d5809cdd68045c39b3

PODFILE CHECKSUM: 529b3f7a6e9a3a0eb75153b2f90ebeb7535fd044

COCOAPODS: 1.5.3
